{
  "name": "AI_Smart_IDE",
  "lockfileVersion": 3,
  "requires": true,
  "packages": {
    "": {
      "dependencies": {
        "monaco-editor": "^0.55.1",
        "monaco-languageclient": "^10.7.0",
        "vscode-ws-jsonrpc": "^3.5.0"
      }
    },
    "node_modules/@codingame/monaco-vscode-api": {
      "version": "25.1.2",
      "resolved": "https://registry.npmjs.org/@codingame/monaco-vscode-api/-/monaco-vscode-api-25.1.2.tgz",
      "integrity": "sha512-K04QcQA+Zb0KXucBAK/BGCT5dldiwIqdUbBQq7yuLvBLbof3cP1WSUuxasMHGYwM0MWyzIAsDtyAYMS7is8ZuA==",
      "license": "MIT",
      "dependencies": {
        "@codingame/monaco-vscode-base-service-override": "25.1.2",
        "@codingame/monaco-vscode-environment-service-override": "25.1.2",
        "@codingame/monaco-vscode-extensions-service-override": "25.1.2",
        "@codingame/monaco-vscode-files-service-override": "25.1.2",
        "@codingame/monaco-vscode-host-service-override": "25.1.2",
        "@codingame/monaco-vscode-layout-service-override": "25.1.2",
        "@codingame/monaco-vscode-quickaccess-service-override": "25.1.2",
        "@vscode/iconv-lite-umd": "0.7.1",
        "dompurify": "3.3.1",
        "jschardet": "3.1.4",
        "marked": "14.0.0"
      }
    },
    "node_modules/@codingame/monaco-vscode-api/node_modules/dompurify": {
      "version": "3.3.1",
      "resolved": "https://registry.npmjs.org/dompurify/-/dompurify-3.3.1.tgz",
      "integrity": "sha512-qkdCKzLNtrgPFP1Vo+98FRzJnBRGe4ffyCea9IwHB1fyxPOeNTHpLKYGd4Uk9xvNoH0ZoOjwZxNptyMwqrId1Q==",
      "license": "(MPL-2.0 OR Apache-2.0)",
      "optionalDependencies": {
        "@types/trusted-types": "^2.0.7"
      }
    },
    "node_modules/@codingame/monaco-vscode-base-service-override": {
      "version": "25.1.2",
      "resolved": "https://registry.npmjs.org/@codingame/monaco-vscode-base-service-override/-/monaco-vscode-base-service-override-25.1.2.tgz",
      "integrity": "sha512-OwYs6h1ATUAeMmX+Q1c8esTG7GLMqniBs+fLEr1/9b/ciY485ArKo5UvrUxVPDtRNy/7F06vRW9IUCq9iKP14w==",
      "license": "MIT",
      "dependencies": {
        "@codingame/monaco-vscode-api": "25.1.2"
      }
    },
    "node_modules/@codingame/monaco-vscode-bulk-edit-service-override": {
      "version": "25.1.2",
      "resolved": "https://registry.npmjs.org/@codingame/monaco-vscode-bulk-edit-service-override/-/monaco-vscode-bulk-edit-service-override-25.1.2.tgz",
      "integrity": "sha512-+EfSzjiFakCf0IIJKPZrHVGioq5N8GBsp51bXuKBR5J/B58cUaJY0Dc12PNTSpgAusAGOppUIOSBqUk4F/7IaQ==",
      "license": "MIT",
      "dependencies": {
        "@codingame/monaco-vscode-api": "25.1.2"
      }
    },
    "node_modules/@codingame/monaco-vscode-configuration-service-override": {
      "version": "25.1.2",
      "resolved": "https://registry.npmjs.org/@codingame/monaco-vscode-configuration-service-override/-/monaco-vscode-configuration-service-override-25.1.2.tgz",
      "integrity": "sha512-oeoZ3WtM42zHA1IWHrx9UGEfE+TixE+G8Bl9M9bjgFj1EROnkB5yOfELwRYPo4WOEtcK1C5nvIvWIj/hL9MaLg==",
      "license": "MIT",
      "dependencies": {
        "@codingame/monaco-vscode-api": "25.1.2",
        "@codingame/monaco-vscode-files-service-override": "25.1.2"
      }
    },
    "node_modules/@codingame/monaco-vscode-editor-api": {
      "version": "25.1.2",
      "resolved": "https://registry.npmjs.org/@codingame/monaco-vscode-editor-api/-/monaco-vscode-editor-api-25.1.2.tgz",
      "integrity": "sha512-dVXoBLRN8vyFHsLY6iYISaNetZ3ispXLut0qL+jvN0e0CEFkUv1F/3EAE7myptrJSS/N1AptrRIxATT3lwFP+Q==",
      "license": "MIT",
      "dependencies": {
        "@codingame/monaco-vscode-api": "25.1.2"
      }
    },
    "node_modules/@codingame/monaco-vscode-editor-service-override": {
      "version": "25.1.2",
      "resolved": "https://registry.npmjs.org/@codingame/monaco-vscode-editor-service-override/-/monaco-vscode-editor-service-override-25.1.2.tgz",
      "integrity": "sha512-EadvDCyWdgxOPmaIvbcVVDNjTUYuKdjYWwKbPbbcTs9t4z1/DjdE7mV3ZdT6aGh5m6zkEEUOi143l27Y5eRt+Q==",
      "license": "MIT",
      "dependencies": {
        "@codingame/monaco-vscode-api": "25.1.2"
      }
    },
    "node_modules/@codingame/monaco-vscode-environment-service-override": {
      "version": "25.1.2",
      "resolved": "https://registry.npmjs.org/@codingame/monaco-vscode-environment-service-override/-/monaco-vscode-environment-service-override-25.1.2.tgz",
      "integrity": "sha512-8GoD3lk0CN0dIMZOrZNS/i8RCaF1YSQ6nmrf+rqneOSHG9S382EnsZZD69d4+i7JnoeyttO7Kr9KH8WOhRV6OA==",
      "license": "MIT",
      "dependencies": {
        "@codingame/monaco-vscode-api": "25.1.2"
      }
    },
    "node_modules/@codingame/monaco-vscode-extension-api": {
      "version": "25.1.2",
      "resolved": "https://registry.npmjs.org/@codingame/monaco-vscode-extension-api/-/monaco-vscode-extension-api-25.1.2.tgz",
      "integrity": "sha512-SJW/YOhjo+9MXEyzMwQMUWdJVR3Llc6pTq5JQqs6Y30v73gTrpLqtzbd9FNdCuQR8S6bUk5ScH8GL4QrVuL5FA==",
      "license": "MIT",
      "dependencies": {
        "@codingame/monaco-vscode-api": "25.1.2",
        "@codingame/monaco-vscode-extensions-service-override": "25.1.2"
      }
    },
    "node_modules/@codingame/monaco-vscode-extensions-service-override": {
      "version": "25.1.2",
      "resolved": "https://registry.npmjs.org/@codingame/monaco-vscode-extensions-service-override/-/monaco-vscode-extensions-service-override-25.1.2.tgz",
      "integrity": "sha512-rTTZW2biPxcg+JumhVf2L+38C5ptvNNxiJlwz39VfXFEh6qOHtAsIMy7vIXa0uGg5/y8DNp0SnOQJP/RKhLYZA==",
      "license": "MIT",
      "dependencies": {
        "@codingame/monaco-vscode-api": "25.1.2",
        "@codingame/monaco-vscode-files-service-override": "25.1.2"
      }
    },
    "node_modules/@codingame/monaco-vscode-files-service-override": {
      "version": "25.1.2",
      "resolved": "https://registry.npmjs.org/@codingame/monaco-vscode-files-service-override/-/monaco-vscode-files-service-override-25.1.2.tgz",
      "integrity": "sha512-TenLLAFIwY7keZFF8e3beUn7OVfnNINR5Noi4PVrjeeTcy6FuNH6Jghdul2JwpRAkvyJLdFMvomE2jlT6F03jQ==",
      "license": "MIT",
      "dependencies": {
        "@codingame/monaco-vscode-api": "25.1.2"
      }
    },
    "node_modules/@codingame/monaco-vscode-host-service-override": {
      "version": "25.1.2",
      "resolved": "https://registry.npmjs.org/@codingame/monaco-vscode-host-service-override/-/monaco-vscode-host-service-override-25.1.2.tgz",
      "integrity": "sha512-lgaalpA9CUQW7i0bBwgBOK0DQNDvOo3QO3p6Rz6yVsHpgA4iMqq2d11dBDUKvuQSwIHPRu8CMHCqhQk/BQN/YA==",
      "license": "MIT",
      "dependencies": {
        "@codingame/monaco-vscode-api": "25.1.2"
      }
    },
    "node_modules/@codingame/monaco-vscode-keybindings-service-override": {
      "version": "25.1.2",
      "resolved": "https://registry.npmjs.org/@codingame/monaco-vscode-keybindings-service-override/-/monaco-vscode-keybindings-service-override-25.1.2.tgz",
      "integrity": "sha512-cp/gGyTvCTAzCYnQm0HJykXJRB0Huz8Lvq60lj5LutgWcb8S3w6dOB2Houm8dHoeUm/jOko8SQNIP8hzWN92Zw==",
      "license": "MIT",
      "dependencies": {
        "@codingame/monaco-vscode-api": "25.1.2",
        "@codingame/monaco-vscode-files-service-override": "25.1.2"
      }
    },
    "node_modules/@codingame/monaco-vscode-language-pack-cs": {
      "version": "25.1.2",
      "resolved": "https://registry.npmjs.org/@codingame/monaco-vscode-language-pack-cs/-/monaco-vscode-language-pack-cs-25.1.2.tgz",
      "integrity": "sha512-v0cB2uAOCwj135aGIf0arGV+DNW32lbWh04bv8ctTxcWRt1Pr2kTQ1pjfE8ynKgxabPfAk8E25/CerKSYOmZ+A==",
      "license": "MIT",
      "dependencies": {
        "@codingame/monaco-vscode-api": "25.1.2"
      }
    },
    "node_modules/@codingame/monaco-vscode-language-pack-de": {
      "version": "25.1.2",
      "resolved": "https://registry.npmjs.org/@codingame/monaco-vscode-language-pack-de/-/monaco-vscode-language-pack-de-25.1.2.tgz",
      "integrity": "sha512-xA3WOt1w5jlAOnyx4PBwx+qV3vx8C8/zie29qjYbgJMxGKDkb0HfpuKUwywDA2uUMI2wJZS+PnNG00zPDoLIrw==",
      "license": "MIT",
      "dependencies": {
        "@codingame/monaco-vscode-api": "25.1.2"
      }
    },
    "node_modules/@codingame/monaco-vscode-language-pack-es": {
      "version": "25.1.2",
      "resolved": "https://registry.npmjs.org/@codingame/monaco-vscode-language-pack-es/-/monaco-vscode-language-pack-es-25.1.2.tgz",
      "integrity": "sha512-1/upuO9lRJilZ3sRr0QLTpz55KYRaBWDe8wtPvghOFYOHyWgW8A4VhUQxa6L9SJgY1JkypUAm0U8WcMX2G4LnQ==",
      "license": "MIT",
      "dependencies": {
        "@codingame/monaco-vscode-api": "25.1.2"
      }
    },
    "node_modules/@codingame/monaco-vscode-language-pack-fr": {
      "version": "25.1.2",
      "resolved": "https://registry.npmjs.org/@codingame/monaco-vscode-language-pack-fr/-/monaco-vscode-language-pack-fr-25.1.2.tgz",
      "integrity": "sha512-iq+xx+tv1QIMmFD0eBhFRMF4xMAsVf/HyA1WogqBofteCWeAvRE9HUjZ5JzHz7jXBPe3dLP1LOM0r0GrJZs4fQ==",
      "license": "MIT",
      "dependencies": {
        "@codingame/monaco-vscode-api": "25.1.2"
      }
    },
    "node_modules/@codingame/monaco-vscode-language-pack-it": {
      "version": "25.1.2",
      "resolved": "https://registry.npmjs.org/@codingame/monaco-vscode-language-pack-it/-/monaco-vscode-language-pack-it-25.1.2.tgz",
      "integrity": "sha512-FajWCML9OR8ppLnJ0mcg+sFHEhYJl8zhb3/DHnd+pNysw8dLfetXoSWjaPnwPPpwiQgkNN1UsToZHOU9czVifQ==",
      "license": "MIT",
      "dependencies": {
        "@codingame/monaco-vscode-api": "25.1.2"
      }
    },
    "node_modules/@codingame/monaco-vscode-language-pack-ja": {
      "version": "25.1.2",
      "resolved": "https://registry.npmjs.org/@codingame/monaco-vscode-language-pack-ja/-/monaco-vscode-language-pack-ja-25.1.2.tgz",
      "integrity": "sha512-NwKh0BnPgUrJkxsm0X6vY4ftnd9DjxkcnQqK+bohta6UOzm09J1EjZ6QD42fjWngxrp/xiegtrYQ9NA2q6VpoA==",
      "license": "MIT",
      "dependencies": {
        "@codingame/monaco-vscode-api": "25.1.2"
      }
    },
    "node_modules/@codingame/monaco-vscode-language-pack-ko": {
      "version": "25.1.2",
      "resolved": "https://registry.npmjs.org/@codingame/monaco-vscode-language-pack-ko/-/monaco-vscode-language-pack-ko-25.1.2.tgz",
      "integrity": "sha512-fvaisgfcg8YaAwnyPcGmQDLwkwqzamLQUyx9HmnwDpXw0YANzd058Kwn6bz+Vfn9MjwuMNT0nllD0qQMnpdyew==",
      "license": "MIT",
      "dependencies": {
        "@codingame/monaco-vscode-api": "25.1.2"
      }
    },
    "node_modules/@codingame/monaco-vscode-language-pack-pl": {
      "version": "25.1.2",
      "resolved": "https://registry.npmjs.org/@codingame/monaco-vscode-language-pack-pl/-/monaco-vscode-language-pack-pl-25.1.2.tgz",
      "integrity": "sha512-9hDRyzFJkDia5rO9QE262JgxwP/cnalFisLFo7FQcw57ZhqzqXIdQIuwcKaHuAgzeQ6W2+A3KOLfTr3m7VZrXw==",
      "license": "MIT",
      "dependencies": {
        "@codingame/monaco-vscode-api": "25.1.2"
      }
    },
    "node_modules/@codingame/monaco-vscode-language-pack-pt-br": {
      "version": "25.1.2",
      "resolved": "https://registry.npmjs.org/@codingame/monaco-vscode-language-pack-pt-br/-/monaco-vscode-language-pack-pt-br-25.1.2.tgz",
      "integrity": "sha512-7fFnqOTAJGb5RuJ4uwh9sh0JmXALuHPGOl7iL9rZkcgIuVP5y6wVDUDXq5qjiRTNSFDs7Bzh463Ir5m5D6mJbA==",
      "license": "MIT",
      "dependencies": {
        "@codingame/monaco-vscode-api": "25.1.2"
      }
    },
    "node_modules/@codingame/monaco-vscode-language-pack-qps-ploc": {
      "version": "25.1.2",
      "resolved": "https://registry.npmjs.org/@codingame/monaco-vscode-language-pack-qps-ploc/-/monaco-vscode-language-pack-qps-ploc-25.1.2.tgz",
      "integrity": "sha512-IFjoqrSuPtIFWb+KlPT6PFWKszzNX+TCD9drgCV6AigvBO/xfGL3QwHB68l/DLbmDbohOz4Xdkutv20wuENAeA==",
      "license": "MIT",
      "dependencies": {
        "@codingame/monaco-vscode-api": "25.1.2"
      }
    },
    "node_modules/@codingame/monaco-vscode-language-pack-ru": {
      "version": "25.1.2",
      "resolved": "https://registry.npmjs.org/@codingame/monaco-vscode-language-pack-ru/-/monaco-vscode-language-pack-ru-25.1.2.tgz",
      "integrity": "sha512-0uDAeXO+GllKUPhJzP893rlDhlFV1IwCu/515rBdcyegt48iGm/xAgj26V90hNz8hmB6EuM/7d8MFeklbiIpYA==",
      "license": "MIT",
      "dependencies": {
        "@codingame/monaco-vscode-api": "25.1.2"
      }
    },
    "node_modules/@codingame/monaco-vscode-language-pack-tr": {
      "version": "25.1.2",
      "resolved": "https://registry.npmjs.org/@codingame/monaco-vscode-language-pack-tr/-/monaco-vscode-language-pack-tr-25.1.2.tgz",
      "integrity": "sha512-MJhHxDyJEiuVLQ9+jb8MnnN9lsbJOjJjMswVCeJ7v/Q/msAhq25QYUfn0DbOIzESJE1f7crffRb5e38XP8sYWA==",
      "license": "MIT",
      "dependencies": {
        "@codingame/monaco-vscode-api": "25.1.2"
      }
    },
    "node_modules/@codingame/monaco-vscode-language-pack-zh-hans": {
      "version": "25.1.2",
      "resolved": "https://registry.npmjs.org/@codingame/monaco-vscode-language-pack-zh-hans/-/monaco-vscode-language-pack-zh-hans-25.1.2.tgz",
      "integrity": "sha512-c7MMrhnSLb59NxpAa8nVy9aIbxy4gVYrCpDMq8W380LOaXTYb7nueTrw8QJ5QbJBNi2P2KZoGkn2BlONuBtJJg==",
      "license": "MIT",
      "dependencies": {
        "@codingame/monaco-vscode-api": "25.1.2"
      }
    },
    "node_modules/@codingame/monaco-vscode-language-pack-zh-hant": {
      "version": "25.1.2",
      "resolved": "https://registry.npmjs.org/@codingame/monaco-vscode-language-pack-zh-hant/-/monaco-vscode-language-pack-zh-hant-25.1.2.tgz",
      "integrity": "sha512-ARedFTM6JCluoPLJqkBcTJaQFdJNcN86OX6B8/NMApIPrnSIAfanMndpyilt8XjzUG6IH22cypR+DAlEjf48cA==",
      "license": "MIT",
      "dependencies": {
        "@codingame/monaco-vscode-api": "25.1.2"
      }
    },
    "node_modules/@codingame/monaco-vscode-languages-service-override": {
      "version": "25.1.2",
      "resolved": "https://registry.npmjs.org/@codingame/monaco-vscode-languages-service-override/-/monaco-vscode-languages-service-override-25.1.2.tgz",
      "integrity": "sha512-ipuS1V3NgXDkNrj0vBcgMBFnqo+19HVsZjjFGfPFH3x0uptP9aiWWK42wtDK3Qbu4teSjHL7WnSLrmw94rplWw==",
      "license": "MIT",
      "dependencies": {
        "@codingame/monaco-vscode-api": "25.1.2",
        "@codingame/monaco-vscode-files-service-override": "25.1.2"
      }
    },
    "node_modules/@codingame/monaco-vscode-layout-service-override": {
      "version": "25.1.2",
      "resolved": "https://registry.npmjs.org/@codingame/monaco-vscode-layout-service-override/-/monaco-vscode-layout-service-override-25.1.2.tgz",
      "integrity": "sha512-SxBGcMK3RgkGtUn7ZDl7dCoyNW0CWFQ/bfSRYUY06A0IA4JNS5jq1lhof57d0WXewm+5l8w1Spr/vMsfx1c9ig==",
      "license": "MIT",
      "dependencies": {
        "@codingame/monaco-vscode-api": "25.1.2"
      }
    },
    "node_modules/@codingame/monaco-vscode-localization-service-override": {
      "version": "25.1.2",
      "resolved": "https://registry.npmjs.org/@codingame/monaco-vscode-localization-service-override/-/monaco-vscode-localization-service-override-25.1.2.tgz",
      "integrity": "sha512-QLj62A8XDOIQW3KjsZlNxs+sfsNNHYxWMjQMwZu/y2Vw3IIHGly2Lpn4t4SFbeaBHJQJy4i5s7NpzlbF9MbEzQ==",
      "license": "MIT",
      "dependencies": {
        "@codingame/monaco-vscode-api": "25.1.2"
      }
    },
    "node_modules/@codingame/monaco-vscode-log-service-override": {
      "version": "25.1.2",
      "resolved": "https://registry.npmjs.org/@codingame/monaco-vscode-log-service-override/-/monaco-vscode-log-service-override-25.1.2.tgz",
      "integrity": "sha512-OoileAUtPAJ0j3RW31DFSxtOipy0EcFq+iIXEdGvoRlsQPZJ3o9ayjf1JvCXpxUjJ3QkmvQVhXsWNUFREjEFLg==",
      "license": "MIT",
      "dependencies": {
        "@codingame/monaco-vscode-api": "25.1.2",
        "@codingame/monaco-vscode-environment-service-override": "25.1.2"
      }
    },
    "node_modules/@codingame/monaco-vscode-model-service-override": {
      "version": "25.1.2",
      "resolved": "https://registry.npmjs.org/@codingame/monaco-vscode-model-service-override/-/monaco-vscode-model-service-override-25.1.2.tgz",
      "integrity": "sha512-MGz/eV1CxibLvnl6WzK6idUHJCXJOVepJvKM6Trkv5050vRe+f/o1TjCiG8PaznAypYqZvnwkTG0B7/OTizCpQ==",
      "license": "MIT",
      "dependencies": {
        "@codingame/monaco-vscode-api": "25.1.2"
      }
    },
    "node_modules/@codingame/monaco-vscode-monarch-service-override": {
      "version": "25.1.2",
      "resolved": "https://registry.npmjs.org/@codingame/monaco-vscode-monarch-service-override/-/monaco-vscode-monarch-service-override-25.1.2.tgz",
      "integrity": "sha512-akyNHOJQRS7YHyk6kf0Encnkt+shlR+bIB84UJRUHFgSeF8s5gkDkQuFJph0YeUDWJWat+yBLUSZx2nHomdbHQ==",
      "license": "MIT",
      "dependencies": {
        "@codingame/monaco-vscode-api": "25.1.2"
      }
    },
    "node_modules/@codingame/monaco-vscode-quickaccess-service-override": {
      "version": "25.1.2",
      "resolved": "https://registry.npmjs.org/@codingame/monaco-vscode-quickaccess-service-override/-/monaco-vscode-quickaccess-service-override-25.1.2.tgz",
      "integrity": "sha512-7IIrXnwHiF3w9d9p9kspEUz/LCibMLUztmRpGdZQfFtWBJw043q7rk8V1O42KdXr1hVg9IR5vfffwjy9nbiiUg==",
      "license": "MIT",
      "dependencies": {
        "@codingame/monaco-vscode-api": "25.1.2"
      }
    },
    "node_modules/@codingame/monaco-vscode-textmate-service-override": {
      "version": "25.1.2",
      "resolved": "https://registry.npmjs.org/@codingame/monaco-vscode-textmate-service-override/-/monaco-vscode-textmate-service-override-25.1.2.tgz",
      "integrity": "sha512-AL0FtSQBW+1vtoXYQvUqB2hfWojpK73Kq/n6KuNXxjLF/XBJ5FpeeZDfrBfwhWPPoHuBTsaFUCQy4L8xQgbVlA==",
      "license": "MIT",
      "dependencies": {
        "@codingame/monaco-vscode-api": "25.1.2",
        "@codingame/monaco-vscode-files-service-override": "25.1.2"
      }
    },
    "node_modules/@codingame/monaco-vscode-theme-defaults-default-extension": {
      "version": "25.1.2",
      "resolved": "https://registry.npmjs.org/@codingame/monaco-vscode-theme-defaults-default-extension/-/monaco-vscode-theme-defaults-default-extension-25.1.2.tgz",
      "integrity": "sha512-0vTMFiC89YSDSmjFckuQBUKwRuFNtsILNO3k0PBiSLN/MW+VDItjJpiVLXC42+rUWlGgY2lYxOneGVa5slCV1w==",
      "license": "MIT",
      "dependencies": {
        "@codingame/monaco-vscode-api": "25.1.2"
      }
    },
    "node_modules/@codingame/monaco-vscode-theme-service-override": {
      "version": "25.1.2",
      "resolved": "https://registry.npmjs.org/@codingame/monaco-vscode-theme-service-override/-/monaco-vscode-theme-service-override-25.1.2.tgz",
      "integrity": "sha512-hsTwl6YYTiheFuQMmCmiEGLIdIdgYaf8Z85XWyxe6YgPtDaYGnp0fGSOXKA9/bf0JtuynzoLKtUUfDupK/A7Tw==",
      "license": "MIT",
      "dependencies": {
        "@codingame/monaco-vscode-api": "25.1.2",
        "@codingame/monaco-vscode-files-service-override": "25.1.2"
      }
    },
    "node_modules/@codingame/monaco-vscode-view-banner-service-override": {
      "version": "25.1.2",
      "resolved": "https://registry.npmjs.org/@codingame/monaco-vscode-view-banner-service-override/-/monaco-vscode-view-banner-service-override-25.1.2.tgz",
      "integrity": "sha512-zhujHd1PQ6rRXsC2OQGrx/282G2v3lpPFl9heDFGKzpdj5119SgcW+B9p/MwJ1qF3LJpuRRgefNiQtqC/KT1eA==",
      "license": "MIT",
      "dependencies": {
        "@codingame/monaco-vscode-api": "25.1.2"
      }
    },
    "node_modules/@codingame/monaco-vscode-view-common-service-override": {
      "version": "25.1.2",
      "resolved": "https://registry.npmjs.org/@codingame/monaco-vscode-view-common-service-override/-/monaco-vscode-view-common-service-override-25.1.2.tgz",
      "integrity": "sha512-4Po/YaHUvVf4VmhVCZmM2lc/flOptiWSM140bIRNpMcfH0VwihYg15CcDeu1Oc+6DaauzsG3u59GtEvlMmJ9Zw==",
      "license": "MIT",
      "dependencies": {
        "@codingame/monaco-vscode-api": "25.1.2",
        "@codingame/monaco-vscode-bulk-edit-service-override": "25.1.2"
      }
    },
    "node_modules/@codingame/monaco-vscode-view-status-bar-service-override": {
      "version": "25.1.2",
      "resolved": "https://registry.npmjs.org/@codingame/monaco-vscode-view-status-bar-service-override/-/monaco-vscode-view-status-bar-service-override-25.1.2.tgz",
      "integrity": "sha512-Jp9ytLaWZ6evabTPtG3Mu3dFx+7WTIPz69BsGpl9PnU0kiSWUqQhPSob0Jz7E2qmMj0ZcNv2Wqvm6bMBu5OyrA==",
      "license": "MIT",
      "dependencies": {
        "@codingame/monaco-vscode-api": "25.1.2"
      }
    },
    "node_modules/@codingame/monaco-vscode-view-title-bar-service-override": {
      "version": "25.1.2",
      "resolved": "https://registry.npmjs.org/@codingame/monaco-vscode-view-title-bar-service-override/-/monaco-vscode-view-title-bar-service-override-25.1.2.tgz",
      "integrity": "sha512-NVYtTAFR35NV/Fx7tSlbASicvpAjK5A14fmxF7/LJJN8ZmzhA/P3Y+UzhqOQl6/VcPV4pAMU0Z7Sicgwbn37dw==",
      "license": "MIT",
      "dependencies": {
        "@codingame/monaco-vscode-api": "25.1.2"
      }
    },
    "node_modules/@codingame/monaco-vscode-views-service-override": {
      "version": "25.1.2",
      "resolved": "https://registry.npmjs.org/@codingame/monaco-vscode-views-service-override/-/monaco-vscode-views-service-override-25.1.2.tgz",
      "integrity": "sha512-LfzlztsvobdP5L5EvJ/rqSEgy5fEVmrkMqRteuhEtNGd4hnmdBoX8W7BNMBPff6d4NfCK74pGHJF57RyT4Iixg==",
      "license": "MIT",
      "dependencies": {
        "@codingame/monaco-vscode-api": "25.1.2",
        "@codingame/monaco-vscode-keybindings-service-override": "25.1.2",
        "@codingame/monaco-vscode-layout-service-override": "25.1.2",
        "@codingame/monaco-vscode-quickaccess-service-override": "25.1.2",
        "@codingame/monaco-vscode-view-common-service-override": "25.1.2"
      }
    },
    "node_modules/@codingame/monaco-vscode-workbench-service-override": {
      "version": "25.1.2",
      "resolved": "https://registry.npmjs.org/@codingame/monaco-vscode-workbench-service-override/-/monaco-vscode-workbench-service-override-25.1.2.tgz",
      "integrity": "sha512-2LMHr+na03FhOAaXpIGmamq9hf7e4wt2kULn8NqNZRd3i+0v1tx/TSSjGhsA5EkrNrFD7CMSoXayBq8tgpCq/A==",
      "license": "MIT",
      "dependencies": {
        "@codingame/monaco-vscode-api": "25.1.2",
        "@codingame/monaco-vscode-keybindings-service-override": "25.1.2",
        "@codingame/monaco-vscode-quickaccess-service-override": "25.1.2",
        "@codingame/monaco-vscode-view-banner-service-override": "25.1.2",
        "@codingame/monaco-vscode-view-common-service-override": "25.1.2",
        "@codingame/monaco-vscode-view-status-bar-service-override": "25.1.2",
        "@codingame/monaco-vscode-view-title-bar-service-override": "25.1.2"
      }
    },
    "node_modules/@types/trusted-types": {
      "version": "2.0.7",
      "resolved": "https://registry.npmjs.org/@types/trusted-types/-/trusted-types-2.0.7.tgz",
      "integrity": "sha512-ScaPdn1dQczgbl0QFTeTOmVHFULt394XJgOQNoyVhZ6r2vLnMLJfBPd53SB52T/3G36VI1/g2MZaX0cwDuXsfw==",
      "license": "MIT",
      "optional": true
    },
    "node_modules/@vscode/iconv-lite-umd": {
      "version": "0.7.1",
      "resolved": "https://registry.npmjs.org/@vscode/iconv-lite-umd/-/iconv-lite-umd-0.7.1.tgz",
      "integrity": "sha512-tK6k0DXFHW7q5+GGuGZO+phpAqpxO4WXl+BLc/8/uOk3RsM2ssAL3CQUQDb1TGfwltjsauhN6S4ghYZzs4sPFw==",
      "license": "MIT"
    },
    "node_modules/balanced-match": {
      "version": "1.0.2",
      "resolved": "https://registry.npmjs.org/balanced-match/-/balanced-match-1.0.2.tgz",
      "integrity": "sha512-3oSeUO0TMV67hN1AmbXsK4yaqU7tjiHlbxRDZOpH0KW9+CeX4bRAaX0Anxt0tx2MrpRpWwQaPwIlISEJhYU5Pw==",
      "license": "MIT"
    },
    "node_modules/brace-expansion": {
      "version": "2.0.2",
      "resolved": "https://registry.npmjs.org/brace-expansion/-/brace-expansion-2.0.2.tgz",
      "integrity": "sha512-Jt0vHyM+jmUBqojB7E1NIYadt0vI0Qxjxd2TErW94wDz+E2LAm5vKMXXwg6ZZBTHPuUlDgQHKXvjGBdfcF1ZDQ==",
      "license": "MIT",
      "dependencies": {
        "balanced-match": "^1.0.0"
      }
    },
    "node_modules/dompurify": {
      "version": "3.2.7",
      "resolved": "https://registry.npmjs.org/dompurify/-/dompurify-3.2.7.tgz",
      "integrity": "sha512-WhL/YuveyGXJaerVlMYGWhvQswa7myDG17P7Vu65EWC05o8vfeNbvNf4d/BOvH99+ZW+LlQsc1GDKMa1vNK6dw==",
      "license": "(MPL-2.0 OR Apache-2.0)",
      "optionalDependencies": {
        "@types/trusted-types": "^2.0.7"
      }
    },
    "node_modules/jschardet": {
      "version": "3.1.4",
      "resolved": "https://registry.npmjs.org/jschardet/-/jschardet-3.1.4.tgz",
      "integrity": "sha512-/kmVISmrwVwtyYU40iQUOp3SUPk2dhNCMsZBQX0R1/jZ8maaXJ/oZIzUOiyOqcgtLnETFKYChbJ5iDC/eWmFHg==",
      "license": "LGPL-2.1+",
      "engines": {
        "node": ">=0.1.90"
      }
    },
    "node_modules/marked": {
      "version": "14.0.0",
      "resolved": "https://registry.npmjs.org/marked/-/marked-14.0.0.tgz",
      "integrity": "sha512-uIj4+faQ+MgHgwUW1l2PsPglZLOLOT1uErt06dAPtx2kjteLAkbsd/0FiYg/MGS+i7ZKLb7w2WClxHkzOOuryQ==",
      "license": "MIT",
      "bin": {
        "marked": "bin/marked.js"
      },
      "engines": {
        "node": ">= 18"
      }
    },
    "node_modules/minimatch": {
      "version": "5.1.6",
      "resolved": "https://registry.npmjs.org/minimatch/-/minimatch-5.1.6.tgz",
      "integrity": "sha512-lKwV/1brpG6mBUFHtb7NUmtABCb2WZZmm2wNiOA5hAb8VdCS4B3dtMWyvcoViccwAW/COERjXLt0zP1zXUN26g==",
      "license": "ISC",
      "dependencies": {
        "brace-expansion": "^2.0.1"
      },
      "engines": {
        "node": ">=10"
      }
    },
    "node_modules/monaco-editor": {
      "version": "0.55.1",
      "resolved": "https://registry.npmjs.org/monaco-editor/-/monaco-editor-0.55.1.tgz",
      "integrity": "sha512-jz4x+TJNFHwHtwuV9vA9rMujcZRb0CEilTEwG2rRSpe/A7Jdkuj8xPKttCgOh+v/lkHy7HsZ64oj+q3xoAFl9A==",
      "license": "MIT",
      "dependencies": {
        "dompurify": "3.2.7",
        "marked": "14.0.0"
      }
    },
    "node_modules/monaco-languageclient": {
      "version": "10.7.0",
      "resolved": "https://registry.npmjs.org/monaco-languageclient/-/monaco-languageclient-10.7.0.tgz",
      "integrity": "sha512-oA5cOFixkF4bspVL2zMSn48LvlNR/Cu3vJ8MCVam3PdjobSULGgHtOASuZIi3FgWK42X1z8/6hrG0LCjvNu1Hw==",
      "license": "MIT",
      "dependencies": {
        "@codingame/monaco-vscode-api": "^25.1.2",
        "@codingame/monaco-vscode-configuration-service-override": "^25.1.2",
        "@codingame/monaco-vscode-editor-api": "^25.1.2",
        "@codingame/monaco-vscode-editor-service-override": "^25.1.2",
        "@codingame/monaco-vscode-extension-api": "^25.1.2",
        "@codingame/monaco-vscode-extensions-service-override": "^25.1.2",
        "@codingame/monaco-vscode-language-pack-cs": "^25.1.2",
        "@codingame/monaco-vscode-language-pack-de": "^25.1.2",
        "@codingame/monaco-vscode-language-pack-es": "^25.1.2",
        "@codingame/monaco-vscode-language-pack-fr": "^25.1.2",
        "@codingame/monaco-vscode-language-pack-it": "^25.1.2",
        "@codingame/monaco-vscode-language-pack-ja": "^25.1.2",
        "@codingame/monaco-vscode-language-pack-ko": "^25.1.2",
        "@codingame/monaco-vscode-language-pack-pl": "^25.1.2",
        "@codingame/monaco-vscode-language-pack-pt-br": "^25.1.2",
        "@codingame/monaco-vscode-language-pack-qps-ploc": "^25.1.2",
        "@codingame/monaco-vscode-language-pack-ru": "^25.1.2",
        "@codingame/monaco-vscode-language-pack-tr": "^25.1.2",
        "@codingame/monaco-vscode-language-pack-zh-hans": "^25.1.2",
        "@codingame/monaco-vscode-language-pack-zh-hant": "^25.1.2",
        "@codingame/monaco-vscode-languages-service-override": "^25.1.2",
        "@codingame/monaco-vscode-localization-service-override": "^25.1.2",
        "@codingame/monaco-vscode-log-service-override": "^25.1.2",
        "@codingame/monaco-vscode-model-service-override": "^25.1.2",
        "@codingame/monaco-vscode-monarch-service-override": "^25.1.2",
        "@codingame/monaco-vscode-textmate-service-override": "^25.1.2",
        "@codingame/monaco-vscode-theme-defaults-default-extension": "^25.1.2",
        "@codingame/monaco-vscode-theme-service-override": "^25.1.2",
        "@codingame/monaco-vscode-views-service-override": "^25.1.2",
        "@codingame/monaco-vscode-workbench-service-override": "^25.1.2",
        "vscode": "npm:@codingame/monaco-vscode-extension-api@^25.1.2",
        "vscode-languageclient": "~9.0.1",
        "vscode-languageserver-protocol": "~3.17.5",
        "vscode-ws-jsonrpc": "~3.5.0"
      },
      "engines": {
        "node": ">=20.10.0",
        "npm": ">=10.2.3"
      }
    },
    "node_modules/semver": {
      "version": "7.7.4",
      "resolved": "https://registry.npmjs.org/semver/-/semver-7.7.4.tgz",
      "integrity": "sha512-vFKC2IEtQnVhpT78h1Yp8wzwrf8CM+MzKMHGJZfBtzhZNycRFnXsHk6E5TxIkkMsgNS7mdX3AGB7x2QM2di4lA==",
      "license": "ISC",
      "bin": {
        "semver": "bin/semver.js"
      },
      "engines": {
        "node": ">=10"
      }
    },
    "node_modules/vscode": {
      "name": "@codingame/monaco-vscode-extension-api",
      "version": "25.1.2",
      "resolved": "https://registry.npmjs.org/@codingame/monaco-vscode-extension-api/-/monaco-vscode-extension-api-25.1.2.tgz",
      "integrity": "sha512-SJW/YOhjo+9MXEyzMwQMUWdJVR3Llc6pTq5JQqs6Y30v73gTrpLqtzbd9FNdCuQR8S6bUk5ScH8GL4QrVuL5FA==",
      "license": "MIT",
      "dependencies": {
        "@codingame/monaco-vscode-api": "25.1.2",
        "@codingame/monaco-vscode-extensions-service-override": "25.1.2"
      }
    },
    "node_modules/vscode-jsonrpc": {
      "version": "8.2.0",
      "resolved": "https://registry.npmjs.org/vscode-jsonrpc/-/vscode-jsonrpc-8.2.0.tgz",
      "integrity": "sha512-C+r0eKJUIfiDIfwJhria30+TYWPtuHJXHtI7J0YlOmKAo7ogxP20T0zxB7HZQIFhIyvoBPwWskjxrvAtfjyZfA==",
      "license": "MIT",
      "engines": {
        "node": ">=14.0.0"
      }
    },
    "node_modules/vscode-languageclient": {
      "version": "9.0.1",
      "resolved": "https://registry.npmjs.org/vscode-languageclient/-/vscode-languageclient-9.0.1.tgz",
      "integrity": "sha512-JZiimVdvimEuHh5olxhxkht09m3JzUGwggb5eRUkzzJhZ2KjCN0nh55VfiED9oez9DyF8/fz1g1iBV3h+0Z2EA==",
      "license": "MIT",
      "dependencies": {
        "minimatch": "^5.1.0",
        "semver": "^7.3.7",
        "vscode-languageserver-protocol": "3.17.5"
      },
      "engines": {
        "vscode": "^1.82.0"
      }
    },
    "node_modules/vscode-languageserver-protocol": {
      "version": "3.17.5",
      "resolved": "https://registry.npmjs.org/vscode-languageserver-protocol/-/vscode-languageserver-protocol-3.17.5.tgz",
      "integrity": "sha512-mb1bvRJN8SVznADSGWM9u/b07H7Ecg0I3OgXDuLdn307rl/J3A9YD6/eYOssqhecL27hK1IPZAsaqh00i/Jljg==",
      "license": "MIT",
      "dependencies": {
        "vscode-jsonrpc": "8.2.0",
        "vscode-languageserver-types": "3.17.5"
      }
    },
    "node_modules/vscode-languageserver-types": {
      "version": "3.17.5",
      "resolved": "https://registry.npmjs.org/vscode-languageserver-types/-/vscode-languageserver-types-3.17.5.tgz",
      "integrity": "sha512-Ld1VelNuX9pdF39h2Hgaeb5hEZM2Z3jUrrMgWQAu82jMtZp7p3vJT3BzToKtZI7NgQssZje5o0zryOrhQvzQAg==",
      "license": "MIT"
    },
    "node_modules/vscode-ws-jsonrpc": {
      "version": "3.5.0",
      "resolved": "https://registry.npmjs.org/vscode-ws-jsonrpc/-/vscode-ws-jsonrpc-3.5.0.tgz",
      "integrity": "sha512-13ZDy7Od4AfEPK2HIfY3DtyRi4FVsvFql1yobVJrpIoHOKGGJpIjVvIJpMxkrHzCZzWlYlg+WEu2hrYkCTvM0Q==",
      "license": "MIT",
      "dependencies": {
        "vscode-jsonrpc": "~8.2.1"
      },
      "engines": {
        "node": ">=20.10.0",
        "npm": ">=10.2.3"
      }
    },
    "node_modules/vscode-ws-jsonrpc/node_modules/vscode-jsonrpc": {
      "version": "8.2.1",
      "resolved": "https://registry.npmjs.org/vscode-jsonrpc/-/vscode-jsonrpc-8.2.1.tgz",
      "integrity": "sha512-kdjOSJ2lLIn7r1rtrMbbNCHjyMPfRnowdKjBQ+mGq6NAW5QY2bEZC/khaC5OR8svbbjvLEaIXkOq45e2X9BIbQ==",
      "license": "MIT",
      "engines": {
        "node": ">=14.0.0"
      }
    }
  }
}
